
Microsoft Visual Studio Solution File, Format Version 12.00
# Visual Studio 15
VisualStudioVersion = 15.0.26730.16
MinimumVisualStudioVersion = 10.0.40219.1
Project("{2150E333-8FDC-42A3-9474-1A3956D46DE8}") = "Solution Items", "Solution Items", "{9BE61ABE-754C-4880-9B6D-0187E33BAB09}"
	ProjectSection(SolutionItems) = preProject
		LICENSE = LICENSE
		README.md = README.md
	EndProjectSection
EndProject
Project("{9A19103F-16F7-4668-BE54-9A1E7A4F7556}") = "DbContextScope", "DbContextScope\DbContextScope.csproj", "{D84F0F17-48F7-4BF6-B679-07F57A23CEA6}"
EndProject
Project("{9A19103F-16F7-4668-BE54-9A1E7A4F7556}") = "DbContextScope.Demo", "Demo\DbContextScope.Demo.csproj", "{BB1A9648-FEF6-4A80-B7EC-C0C8B69698FB}"
EndProject
Project("{FAE04EC0-301F-11D3-BF4B-00C04F79EFBC}") = "DbContextScope.Tests", "Tests\DbContextScope.Tests.csproj", "{223B13D3-CFE5-4EA3-9C78-4604C5C98028}"
EndProject
Global
	GlobalSection(SolutionConfigurationPlatforms) = preSolution
		Debug|Any CPU = Debug|Any CPU
		Release|Any CPU = Release|Any CPU
	EndGlobalSection
	GlobalSection(ProjectConfigurationPlatforms) = postSolution
		{D84F0F17-48F7-4BF6-B679-07F57A23CEA6}.Debug|Any CPU.ActiveCfg = Debug|Any CPU
		{D84F0F17-48F7-4BF6-B679-07F57A23CEA6}.Debug|Any CPU.Build.0 = Debug|Any CPU
		{D84F0F17-48F7-4BF6-B679-07F57A23CEA6}.Release|Any CPU.ActiveCfg = Release|Any CPU
		{D84F0F17-48F7-4BF6-B679-07F57A23CEA6}.Release|Any CPU.Build.0 = Release|Any CPU
		{BB1A9648-FEF6-4A80-B7EC-C0C8B69698FB}.Debug|Any CPU.ActiveCfg = Debug|Any CPU
		{BB1A9648-FEF6-4A80-B7EC-C0C8B69698FB}.Debug|Any CPU.Build.0 = Debug|Any CPU
		{BB1A9648-FEF6-4A80-B7EC-C0C8B69698FB}.Release|Any CPU.ActiveCfg = Release|Any CPU
		{BB1A9648-FEF6-4A80-B7EC-C0C8B69698FB}.Release|Any CPU.Build.0 = Release|Any CPU
		{223B13D3-CFE5-4EA3-9C78-4604C5C98028}.Debug|Any CPU.ActiveCfg = Debug|Any CPU
		{223B13D3-CFE5-4EA3-9C78-4604C5C98028}.Debug|Any CPU.Build.0 = Debug|Any CPU
		{223B13D3-CFE5-4EA3-9C78-4604C5C98028}.Release|Any CPU.ActiveCfg = Release|Any CPU
		{223B13D3-CFE5-4EA3-9C78-4604C5C98028}.Release|Any CPU.Build.0 = Release|Any CPU
	EndGlobalSection
	GlobalSection(SolutionProperties) = preSolution
		HideSolutionNode = FALSE
	EndGlobalSection
	GlobalSection(ExtensibilityGlobals) = postSolution
		SolutionGuid = {481D6DE3-7D5F-4400-B551-1D0B69298F8B}
	EndGlobalSection
EndGlobal
